
Microsoft Visual Studio Solution File, Format Version 12.00
# Visual Studio Version 16
VisualStudioVersion = 16.0.31005.135
MinimumVisualStudioVersion = 10.0.40219.1
Project("{FAE04EC0-301F-11D3-BF4B-00C04F79EFBC}") = "XXPro.UI", "XXPro.UI\XXPro.UI.csproj", "{CE5E31BD-62C2-410E-ABBE-9E43451E71BA}"
EndProject
Project("{FAE04EC0-301F-11D3-BF4B-00C04F79EFBC}") = "XXPro.ClassLibrary1", "XXPro.ClassLibrary1\XXPro.ClassLibrary1.csproj", "{ACE3E8FE-9221-4F16-AED4-C44BDDEFA7BD}"
EndProject
Project("{FAE04EC0-301F-11D3-BF4B-00C04F79EFBC}") = "CS06", "CS06\CS06.csproj", "{DB2B4D55-D145-4A3D-B088-00F31AF6D61C}"
EndProject
Project("{FAE04EC0-301F-11D3-BF4B-00C04F79EFBC}") = "CS07", "CS07\CS07.csproj", "{A3FEB28F-AFC6-44C1-8A6F-A3BCDEE4ACFE}"
EndProject
Project("{FAE04EC0-301F-11D3-BF4B-00C04F79EFBC}") = "CS08", "CS08\CS08.csproj", "{A9C4657E-2C2A-4D91-999C-F01D009A73C1}"
EndProject
Project("{FAE04EC0-301F-11D3-BF4B-00C04F79EFBC}") = "CS09", "CS09\CS09.csproj", "{870EF9D3-CE6E-406E-B0B3-1C6872F80769}"
EndProject
Project("{FAE04EC0-301F-11D3-BF4B-00C04F79EFBC}") = "CS10", "CS10\CS10.csproj", "{FEEA3FD6-3201-48B4-8E71-5CDE887F3221}"
EndProject
Project("{FAE04EC0-301F-11D3-BF4B-00C04F79EFBC}") = "CS11", "CS11\CS11.csproj", "{E812DDEC-86A9-4BB6-93D1-E68E4FD7A12E}"
EndProject
Project("{FAE04EC0-301F-11D3-BF4B-00C04F79EFBC}") = "CS12", "CS12\CS12.csproj", "{55A8468F-90F0-4AA3-9CDD-128AB307D9CA}"
EndProject
Project("{FAE04EC0-301F-11D3-BF4B-00C04F79EFBC}") = "CS14", "CS14\CS14.csproj", "{B2C3F4FC-BDEF-4B73-BADE-312F0AFF031E}"
EndProject
Project("{FAE04EC0-301F-11D3-BF4B-00C04F79EFBC}") = "CS15", "CS15\CS15.csproj", "{BF23DE20-F64B-4807-A989-6E4C686DF5FC}"
EndProject
Project("{FAE04EC0-301F-11D3-BF4B-00C04F79EFBC}") = "CS16", "CS16\CS16.csproj", "{4752D68A-5594-4C24-AB54-46AF4B14E47B}"
EndProject
Global
	GlobalSection(SolutionConfigurationPlatforms) = preSolution
		Debug|Any CPU = Debug|Any CPU
		Release|Any CPU = Release|Any CPU
	EndGlobalSection
	GlobalSection(ProjectConfigurationPlatforms) = postSolution
		{CE5E31BD-62C2-410E-ABBE-9E43451E71BA}.Debug|Any CPU.ActiveCfg = Debug|Any CPU
		{CE5E31BD-62C2-410E-ABBE-9E43451E71BA}.Debug|Any CPU.Build.0 = Debug|Any CPU
		{CE5E31BD-62C2-410E-ABBE-9E43451E71BA}.Release|Any CPU.ActiveCfg = Release|Any CPU
		{CE5E31BD-62C2-410E-ABBE-9E43451E71BA}.Release|Any CPU.Build.0 = Release|Any CPU
		{ACE3E8FE-9221-4F16-AED4-C44BDDEFA7BD}.Debug|Any CPU.ActiveCfg = Debug|Any CPU
		{ACE3E8FE-9221-4F16-AED4-C44BDDEFA7BD}.Debug|Any CPU.Build.0 = Debug|Any CPU
		{ACE3E8FE-9221-4F16-AED4-C44BDDEFA7BD}.Release|Any CPU.ActiveCfg = Release|Any CPU
		{ACE3E8FE-9221-4F16-AED4-C44BDDEFA7BD}.Release|Any CPU.Build.0 = Release|Any CPU
		{DB2B4D55-D145-4A3D-B088-00F31AF6D61C}.Debug|Any CPU.ActiveCfg = Debug|Any CPU
		{DB2B4D55-D145-4A3D-B088-00F31AF6D61C}.Debug|Any CPU.Build.0 = Debug|Any CPU
		{DB2B4D55-D145-4A3D-B088-00F31AF6D61C}.Release|Any CPU.ActiveCfg = Release|Any CPU
		{DB2B4D55-D145-4A3D-B088-00F31AF6D61C}.Release|Any CPU.Build.0 = Release|Any CPU
		{A3FEB28F-AFC6-44C1-8A6F-A3BCDEE4ACFE}.Debug|Any CPU.ActiveCfg = Debug|Any CPU
		{A3FEB28F-AFC6-44C1-8A6F-A3BCDEE4ACFE}.Debug|Any CPU.Build.0 = Debug|Any CPU
		{A3FEB28F-AFC6-44C1-8A6F-A3BCDEE4ACFE}.Release|Any CPU.ActiveCfg = Release|Any CPU
		{A3FEB28F-AFC6-44C1-8A6F-A3BCDEE4ACFE}.Release|Any CPU.Build.0 = Release|Any CPU
		{A9C4657E-2C2A-4D91-999C-F01D009A73C1}.Debug|Any CPU.ActiveCfg = Debug|Any CPU
		{A9C4657E-2C2A-4D91-999C-F01D009A73C1}.Debug|Any CPU.Build.0 = Debug|Any CPU
		{A9C4657E-2C2A-4D91-999C-F01D009A73C1}.Release|Any CPU.ActiveCfg = Release|Any CPU
		{A9C4657E-2C2A-4D91-999C-F01D009A73C1}.Release|Any CPU.Build.0 = Release|Any CPU
		{870EF9D3-CE6E-406E-B0B3-1C6872F80769}.Debug|Any CPU.ActiveCfg = Debug|Any CPU
		{870EF9D3-CE6E-406E-B0B3-1C6872F80769}.Debug|Any CPU.Build.0 = Debug|Any CPU
		{870EF9D3-CE6E-406E-B0B3-1C6872F80769}.Release|Any CPU.ActiveCfg = Release|Any CPU
		{870EF9D3-CE6E-406E-B0B3-1C6872F80769}.Release|Any CPU.Build.0 = Release|Any CPU
		{FEEA3FD6-3201-48B4-8E71-5CDE887F3221}.Debug|Any CPU.ActiveCfg = Debug|Any CPU
		{FEEA3FD6-3201-48B4-8E71-5CDE887F3221}.Debug|Any CPU.Build.0 = Debug|Any CPU
		{FEEA3FD6-3201-48B4-8E71-5CDE887F3221}.Release|Any CPU.ActiveCfg = Release|Any CPU
		{FEEA3FD6-3201-48B4-8E71-5CDE887F3221}.Release|Any CPU.Build.0 = Release|Any CPU
		{E812DDEC-86A9-4BB6-93D1-E68E4FD7A12E}.Debug|Any CPU.ActiveCfg = Debug|Any CPU
		{E812DDEC-86A9-4BB6-93D1-E68E4FD7A12E}.Debug|Any CPU.Build.0 = Debug|Any CPU
		{E812DDEC-86A9-4BB6-93D1-E68E4FD7A12E}.Release|Any CPU.ActiveCfg = Release|Any CPU
		{E812DDEC-86A9-4BB6-93D1-E68E4FD7A12E}.Release|Any CPU.Build.0 = Release|Any CPU
		{55A8468F-90F0-4AA3-9CDD-128AB307D9CA}.Debug|Any CPU.ActiveCfg = Debug|Any CPU
		{55A8468F-90F0-4AA3-9CDD-128AB307D9CA}.Debug|Any CPU.Build.0 = Debug|Any CPU
		{55A8468F-90F0-4AA3-9CDD-128AB307D9CA}.Release|Any CPU.ActiveCfg = Release|Any CPU
		{55A8468F-90F0-4AA3-9CDD-128AB307D9CA}.Release|Any CPU.Build.0 = Release|Any CPU
		{B2C3F4FC-BDEF-4B73-BADE-312F0AFF031E}.Debug|Any CPU.ActiveCfg = Debug|Any CPU
		{B2C3F4FC-BDEF-4B73-BADE-312F0AFF031E}.Debug|Any CPU.Build.0 = Debug|Any CPU
		{B2C3F4FC-BDEF-4B73-BADE-312F0AFF031E}.Release|Any CPU.ActiveCfg = Release|Any CPU
		{B2C3F4FC-BDEF-4B73-BADE-312F0AFF031E}.Release|Any CPU.Build.0 = Release|Any CPU
		{BF23DE20-F64B-4807-A989-6E4C686DF5FC}.Debug|Any CPU.ActiveCfg = Debug|Any CPU
		{BF23DE20-F64B-4807-A989-6E4C686DF5FC}.Debug|Any CPU.Build.0 = Debug|Any CPU
		{BF23DE20-F64B-4807-A989-6E4C686DF5FC}.Release|Any CPU.ActiveCfg = Release|Any CPU
		{BF23DE20-F64B-4807-A989-6E4C686DF5FC}.Release|Any CPU.Build.0 = Release|Any CPU
		{4752D68A-5594-4C24-AB54-46AF4B14E47B}.Debug|Any CPU.ActiveCfg = Debug|Any CPU
		{4752D68A-5594-4C24-AB54-46AF4B14E47B}.Debug|Any CPU.Build.0 = Debug|Any CPU
		{4752D68A-5594-4C24-AB54-46AF4B14E47B}.Release|Any CPU.ActiveCfg = Release|Any CPU
		{4752D68A-5594-4C24-AB54-46AF4B14E47B}.Release|Any CPU.Build.0 = Release|Any CPU
	EndGlobalSection
	GlobalSection(SolutionProperties) = preSolution
		HideSolutionNode = FALSE
	EndGlobalSection
	GlobalSection(ExtensibilityGlobals) = postSolution
		SolutionGuid = {776E371C-7A35-4EED-BBDF-27CDCE0F024D}
	EndGlobalSection
EndGlobal
